# generated by rye
# use `rye lock` or `rye sync` to update this lockfile
#
# last locked with the following flags:
#   pre: false
#   features: []
#   all-features: false
#   with-sources: false
#   generate-hashes: false
#   universal: false

-e file:.
asgiref==3.11.0
    # via django
django==5.2.8
    # via djangorestframework
    # via recommendation-system
djangorestframework==3.16.1
    # via recommendation-system
mypy==1.18.2
mypy-extensions==1.1.0
    # via mypy
pathspec==0.12.1
    # via mypy
ruff==0.14.6
sqlparse==0.5.4
    # via django
typing-extensions==4.15.0
    # via mypy
